
Microsoft Visual Studio Solution File, Format Version 12.00
# Visual Studio 15
VisualStudioVersion = 15.0.27428.2002
MinimumVisualStudioVersion = 10.0.40219.1
Project("{9A19103F-16F7-4668-BE54-9A1E7A4F7556}") = "Presentation", "Presentation\Presentation.csproj", "{541758DE-AFBF-4842-B771-E454825C85B6}"
EndProject
Project("{9A19103F-16F7-4668-BE54-9A1E7A4F7556}") = "Service", "Service\Service.csproj", "{889D0124-5D8B-4104-8BD7-A998EB0EB58C}"
EndProject
Project("{9A19103F-16F7-4668-BE54-9A1E7A4F7556}") = "Data", "Data\Data.csproj", "{0A6D5ED9-BE7E-40D5-8A0C-83D31633EF24}"
EndProject
Project("{2150E333-8FDC-42A3-9474-1A3956D46DE8}") = "GUI", "GUI", "{6E2A9403-880D-48D4-AD2C-2639AD63AF25}"
EndProject
Project("{2150E333-8FDC-42A3-9474-1A3956D46DE8}") = "BusinessLogic", "BusinessLogic", "{321AB327-69A9-4ED5-B00D-9803DBACE0D9}"
EndProject
Project("{2150E333-8FDC-42A3-9474-1A3956D46DE8}") = "Persistance", "Persistance", "{AD1DB808-8AF4-4B6F-8882-E008F38D7AA1}"
EndProject
Project("{FAE04EC0-301F-11D3-BF4B-00C04F79EFBC}") = "Models", "Models\Models.csproj", "{4E5D5498-3713-41CA-9977-6AAED608DDE9}"
EndProject
Project("{2150E333-8FDC-42A3-9474-1A3956D46DE8}") = "Tests", "Tests", "{77DF3DEF-3AFA-478C-B6A1-73109023F2E3}"
EndProject
Project("{2150E333-8FDC-42A3-9474-1A3956D46DE8}") = "UnitTests", "UnitTests", "{6FEEC700-5EB6-48ED-81B4-5E2F143B3784}"
EndProject
Project("{2150E333-8FDC-42A3-9474-1A3956D46DE8}") = "IntegrationTests", "IntegrationTests", "{FDD66535-F8A6-4734-87E3-FE9D0BA9DCBB}"
EndProject
Project("{FAE04EC0-301F-11D3-BF4B-00C04F79EFBC}") = "DataTests", "DataTests\DataTests.csproj", "{514B0CBF-70CB-4527-A90C-4D747344D530}"
EndProject
Global
	GlobalSection(SolutionConfigurationPlatforms) = preSolution
		Debug|Any CPU = Debug|Any CPU
		Release|Any CPU = Release|Any CPU
	EndGlobalSection
	GlobalSection(ProjectConfigurationPlatforms) = postSolution
		{541758DE-AFBF-4842-B771-E454825C85B6}.Debug|Any CPU.ActiveCfg = Debug|Any CPU
		{541758DE-AFBF-4842-B771-E454825C85B6}.Debug|Any CPU.Build.0 = Debug|Any CPU
		{541758DE-AFBF-4842-B771-E454825C85B6}.Release|Any CPU.ActiveCfg = Release|Any CPU
		{541758DE-AFBF-4842-B771-E454825C85B6}.Release|Any CPU.Build.0 = Release|Any CPU
		{889D0124-5D8B-4104-8BD7-A998EB0EB58C}.Debug|Any CPU.ActiveCfg = Debug|Any CPU
		{889D0124-5D8B-4104-8BD7-A998EB0EB58C}.Debug|Any CPU.Build.0 = Debug|Any CPU
		{889D0124-5D8B-4104-8BD7-A998EB0EB58C}.Release|Any CPU.ActiveCfg = Release|Any CPU
		{889D0124-5D8B-4104-8BD7-A998EB0EB58C}.Release|Any CPU.Build.0 = Release|Any CPU
		{0A6D5ED9-BE7E-40D5-8A0C-83D31633EF24}.Debug|Any CPU.ActiveCfg = Debug|Any CPU
		{0A6D5ED9-BE7E-40D5-8A0C-83D31633EF24}.Debug|Any CPU.Build.0 = Debug|Any CPU
		{0A6D5ED9-BE7E-40D5-8A0C-83D31633EF24}.Release|Any CPU.ActiveCfg = Release|Any CPU
		{0A6D5ED9-BE7E-40D5-8A0C-83D31633EF24}.Release|Any CPU.Build.0 = Release|Any CPU
		{4E5D5498-3713-41CA-9977-6AAED608DDE9}.Debug|Any CPU.ActiveCfg = Debug|Any CPU
		{4E5D5498-3713-41CA-9977-6AAED608DDE9}.Debug|Any CPU.Build.0 = Debug|Any CPU
		{4E5D5498-3713-41CA-9977-6AAED608DDE9}.Release|Any CPU.ActiveCfg = Release|Any CPU
		{4E5D5498-3713-41CA-9977-6AAED608DDE9}.Release|Any CPU.Build.0 = Release|Any CPU
		{514B0CBF-70CB-4527-A90C-4D747344D530}.Debug|Any CPU.ActiveCfg = Debug|Any CPU
		{514B0CBF-70CB-4527-A90C-4D747344D530}.Debug|Any CPU.Build.0 = Debug|Any CPU
		{514B0CBF-70CB-4527-A90C-4D747344D530}.Release|Any CPU.ActiveCfg = Release|Any CPU
		{514B0CBF-70CB-4527-A90C-4D747344D530}.Release|Any CPU.Build.0 = Release|Any CPU
	EndGlobalSection
	GlobalSection(SolutionProperties) = preSolution
		HideSolutionNode = FALSE
	EndGlobalSection
	GlobalSection(NestedProjects) = preSolution
		{541758DE-AFBF-4842-B771-E454825C85B6} = {6E2A9403-880D-48D4-AD2C-2639AD63AF25}
		{889D0124-5D8B-4104-8BD7-A998EB0EB58C} = {321AB327-69A9-4ED5-B00D-9803DBACE0D9}
		{0A6D5ED9-BE7E-40D5-8A0C-83D31633EF24} = {AD1DB808-8AF4-4B6F-8882-E008F38D7AA1}
		{4E5D5498-3713-41CA-9977-6AAED608DDE9} = {321AB327-69A9-4ED5-B00D-9803DBACE0D9}
		{6FEEC700-5EB6-48ED-81B4-5E2F143B3784} = {77DF3DEF-3AFA-478C-B6A1-73109023F2E3}
		{FDD66535-F8A6-4734-87E3-FE9D0BA9DCBB} = {77DF3DEF-3AFA-478C-B6A1-73109023F2E3}
		{514B0CBF-70CB-4527-A90C-4D747344D530} = {6FEEC700-5EB6-48ED-81B4-5E2F143B3784}
	EndGlobalSection
	GlobalSection(ExtensibilityGlobals) = postSolution
		SolutionGuid = {4CA73350-2317-4D5A-AAAA-B1AF502210EC}
	EndGlobalSection
EndGlobal
