
Microsoft Visual Studio Solution File, Format Version 12.00
# Visual Studio 15
VisualStudioVersion = 15.0.27428.2002
MinimumVisualStudioVersion = 10.0.40219.1
Project("{9A19103F-16F7-4668-BE54-9A1E7A4F7556}") = "Presentation", "Presentation\Presentation.csproj", "{541758DE-AFBF-4842-B771-E454825C85B6}"
EndProject
Project("{9A19103F-16F7-4668-BE54-9A1E7A4F7556}") = "Service", "Service\Service.csproj", "{889D0124-5D8B-4104-8BD7-A998EB0EB58C}"
EndProject
Project("{9A19103F-16F7-4668-BE54-9A1E7A4F7556}") = "Data", "Data\Data.csproj", "{0A6D5ED9-BE7E-40D5-8A0C-83D31633EF24}"
EndProject
Global
	GlobalSection(SolutionConfigurationPlatforms) = preSolution
		Debug|Any CPU = Debug|Any CPU
		Release|Any CPU = Release|Any CPU
	EndGlobalSection
	GlobalSection(ProjectConfigurationPlatforms) = postSolution
		{541758DE-AFBF-4842-B771-E454825C85B6}.Debug|Any CPU.ActiveCfg = Debug|Any CPU
		{541758DE-AFBF-4842-B771-E454825C85B6}.Debug|Any CPU.Build.0 = Debug|Any CPU
		{541758DE-AFBF-4842-B771-E454825C85B6}.Release|Any CPU.ActiveCfg = Release|Any CPU
		{541758DE-AFBF-4842-B771-E454825C85B6}.Release|Any CPU.Build.0 = Release|Any CPU
		{889D0124-5D8B-4104-8BD7-A998EB0EB58C}.Debug|Any CPU.ActiveCfg = Debug|Any CPU
		{889D0124-5D8B-4104-8BD7-A998EB0EB58C}.Debug|Any CPU.Build.0 = Debug|Any CPU
		{889D0124-5D8B-4104-8BD7-A998EB0EB58C}.Release|Any CPU.ActiveCfg = Release|Any CPU
		{889D0124-5D8B-4104-8BD7-A998EB0EB58C}.Release|Any CPU.Build.0 = Release|Any CPU
		{0A6D5ED9-BE7E-40D5-8A0C-83D31633EF24}.Debug|Any CPU.ActiveCfg = Debug|Any CPU
		{0A6D5ED9-BE7E-40D5-8A0C-83D31633EF24}.Debug|Any CPU.Build.0 = Debug|Any CPU
		{0A6D5ED9-BE7E-40D5-8A0C-83D31633EF24}.Release|Any CPU.ActiveCfg = Release|Any CPU
		{0A6D5ED9-BE7E-40D5-8A0C-83D31633EF24}.Release|Any CPU.Build.0 = Release|Any CPU
	EndGlobalSection
	GlobalSection(SolutionProperties) = preSolution
		HideSolutionNode = FALSE
	EndGlobalSection
	GlobalSection(ExtensibilityGlobals) = postSolution
		SolutionGuid = {4CA73350-2317-4D5A-AAAA-B1AF502210EC}
	EndGlobalSection
EndGlobal
